// !$*UTF8*$!
{
	archiveVersion = 1;
	classes = {
	};
	objectVersion = 55;
	objects = {

/* Begin PBXBuildFile section */
		0442FDC32808B501005140B5 /* LaunchInfoCell.swift in Sources */ = {isa = PBXBuildFile; fileRef = 0442FDBA2808B500005140B5 /* LaunchInfoCell.swift */; };
		0442FDC42808B501005140B5 /* FirstViewController.swift in Sources */ = {isa = PBXBuildFile; fileRef = 0442FDBB2808B500005140B5 /* FirstViewController.swift */; };
		0442FDC52808B501005140B5 /* NetworkManager.swift in Sources */ = {isa = PBXBuildFile; fileRef = 0442FDBC2808B500005140B5 /* NetworkManager.swift */; };
		0442FDC62808B501005140B5 /* LaunchesViewController.swift in Sources */ = {isa = PBXBuildFile; fileRef = 0442FDBD2808B500005140B5 /* LaunchesViewController.swift */; };
		0442FDC72808B501005140B5 /* PageViewController.swift in Sources */ = {isa = PBXBuildFile; fileRef = 0442FDBE2808B500005140B5 /* PageViewController.swift */; };
		0442FDC82808B501005140B5 /* Main.storyboard in Resources */ = {isa = PBXBuildFile; fileRef = 0442FDBF2808B501005140B5 /* Main.storyboard */; };
		0442FDC92808B501005140B5 /* Helper.swift in Sources */ = {isa = PBXBuildFile; fileRef = 0442FDC02808B501005140B5 /* Helper.swift */; };
		0442FDCA2808B501005140B5 /* Rocket.swift in Sources */ = {isa = PBXBuildFile; fileRef = 0442FDC12808B501005140B5 /* Rocket.swift */; };
		0442FDCB2808B501005140B5 /* RocketInfoViewController.swift in Sources */ = {isa = PBXBuildFile; fileRef = 0442FDC22808B501005140B5 /* RocketInfoViewController.swift */; };
		04C2574328032B1100154AC6 /* AppDelegate.swift in Sources */ = {isa = PBXBuildFile; fileRef = 04C2574228032B1100154AC6 /* AppDelegate.swift */; };
		04C2574528032B1100154AC6 /* SceneDelegate.swift in Sources */ = {isa = PBXBuildFile; fileRef = 04C2574428032B1100154AC6 /* SceneDelegate.swift */; };
		04C2574C28032B1300154AC6 /* Assets.xcassets in Resources */ = {isa = PBXBuildFile; fileRef = 04C2574B28032B1300154AC6 /* Assets.xcassets */; };
		04C2574F28032B1300154AC6 /* LaunchScreen.storyboard in Resources */ = {isa = PBXBuildFile; fileRef = 04C2574D28032B1300154AC6 /* LaunchScreen.storyboard */; };
/* End PBXBuildFile section */

/* Begin PBXFileReference section */
		0442FDBA2808B500005140B5 /* LaunchInfoCell.swift */ = {isa = PBXFileReference; fileEncoding = 4; lastKnownFileType = sourcecode.swift; path = LaunchInfoCell.swift; sourceTree = "<group>"; };
		0442FDBB2808B500005140B5 /* FirstViewController.swift */ = {isa = PBXFileReference; fileEncoding = 4; lastKnownFileType = sourcecode.swift; path = FirstViewController.swift; sourceTree = "<group>"; };
		0442FDBC2808B500005140B5 /* NetworkManager.swift */ = {isa = PBXFileReference; fileEncoding = 4; lastKnownFileType = sourcecode.swift; path = NetworkManager.swift; sourceTree = "<group>"; };
		0442FDBD2808B500005140B5 /* LaunchesViewController.swift */ = {isa = PBXFileReference; fileEncoding = 4; lastKnownFileType = sourcecode.swift; path = LaunchesViewController.swift; sourceTree = "<group>"; };
		0442FDBE2808B500005140B5 /* PageViewController.swift */ = {isa = PBXFileReference; fileEncoding = 4; lastKnownFileType = sourcecode.swift; path = PageViewController.swift; sourceTree = "<group>"; };
		0442FDBF2808B501005140B5 /* Main.storyboard */ = {isa = PBXFileReference; fileEncoding = 4; lastKnownFileType = file.storyboard; path = Main.storyboard; sourceTree = "<group>"; };
		0442FDC02808B501005140B5 /* Helper.swift */ = {isa = PBXFileReference; fileEncoding = 4; lastKnownFileType = sourcecode.swift; path = Helper.swift; sourceTree = "<group>"; };
		0442FDC12808B501005140B5 /* Rocket.swift */ = {isa = PBXFileReference; fileEncoding = 4; lastKnownFileType = sourcecode.swift; path = Rocket.swift; sourceTree = "<group>"; };
		0442FDC22808B501005140B5 /* RocketInfoViewController.swift */ = {isa = PBXFileReference; fileEncoding = 4; lastKnownFileType = sourcecode.swift; path = RocketInfoViewController.swift; sourceTree = "<group>"; };
		0482B2762808C6AD00C6CFED /* ru */ = {isa = PBXFileReference; lastKnownFileType = text.plist.strings; name = ru; path = ru.lproj/LaunchScreen.strings; sourceTree = "<group>"; };
		04C2573F28032B1100154AC6 /* SpaceXRocketsInfoApp.app */ = {isa = PBXFileReference; explicitFileType = wrapper.application; includeInIndex = 0; path = SpaceXRocketsInfoApp.app; sourceTree = BUILT_PRODUCTS_DIR; };
		04C2574228032B1100154AC6 /* AppDelegate.swift */ = {isa = PBXFileReference; lastKnownFileType = sourcecode.swift; path = AppDelegate.swift; sourceTree = "<group>"; };
		04C2574428032B1100154AC6 /* SceneDelegate.swift */ = {isa = PBXFileReference; lastKnownFileType = sourcecode.swift; path = SceneDelegate.swift; sourceTree = "<group>"; };
		04C2574B28032B1300154AC6 /* Assets.xcassets */ = {isa = PBXFileReference; lastKnownFileType = folder.assetcatalog; path = Assets.xcassets; sourceTree = "<group>"; };
		04C2574E28032B1300154AC6 /* Base */ = {isa = PBXFileReference; lastKnownFileType = file.storyboard; name = Base; path = Base.lproj/LaunchScreen.storyboard; sourceTree = "<group>"; };
		04C2575028032B1300154AC6 /* Info.plist */ = {isa = PBXFileReference; lastKnownFileType = text.plist.xml; path = Info.plist; sourceTree = "<group>"; };
/* End PBXFileReference section */

/* Begin PBXFrameworksBuildPhase section */
		04C2573C28032B1100154AC6 /* Frameworks */ = {
			isa = PBXFrameworksBuildPhase;
			buildActionMask = 2147483647;
			files = (
			);
			runOnlyForDeploymentPostprocessing = 0;
		};
/* End PBXFrameworksBuildPhase section */

/* Begin PBXGroup section */
		04C2573628032B1100154AC6 = {
			isa = PBXGroup;
			children = (
				04C2574128032B1100154AC6 /* SpaceXRocketsInfoApp */,
				04C2574028032B1100154AC6 /* Products */,
			);
			sourceTree = "<group>";
		};
		04C2574028032B1100154AC6 /* Products */ = {
			isa = PBXGroup;
			children = (
				04C2573F28032B1100154AC6 /* SpaceXRocketsInfoApp.app */,
			);
			name = Products;
			sourceTree = "<group>";
		};
		04C2574128032B1100154AC6 /* SpaceXRocketsInfoApp */ = {
			isa = PBXGroup;
			children = (
				04C2574228032B1100154AC6 /* AppDelegate.swift */,
				04C2574428032B1100154AC6 /* SceneDelegate.swift */,
				0442FDBB2808B500005140B5 /* FirstViewController.swift */,
				0442FDC02808B501005140B5 /* Helper.swift */,
				0442FDBD2808B500005140B5 /* LaunchesViewController.swift */,
				0442FDBA2808B500005140B5 /* LaunchInfoCell.swift */,
				0442FDBF2808B501005140B5 /* Main.storyboard */,
				0442FDBC2808B500005140B5 /* NetworkManager.swift */,
				0442FDBE2808B500005140B5 /* PageViewController.swift */,
				0442FDC12808B501005140B5 /* Rocket.swift */,
				0442FDC22808B501005140B5 /* RocketInfoViewController.swift */,
				04C2574D28032B1300154AC6 /* LaunchScreen.storyboard */,
				04C2574B28032B1300154AC6 /* Assets.xcassets */,
				04C2575028032B1300154AC6 /* Info.plist */,
			);
			path = SpaceXRocketsInfoApp;
			sourceTree = "<group>";
		};
/* End PBXGroup section */

/* Begin PBXNativeTarget section */
		04C2573E28032B1100154AC6 /* SpaceXRocketsInfoApp */ = {
			isa = PBXNativeTarget;
			buildConfigurationList = 04C2575328032B1300154AC6 /* Build configuration list for PBXNativeTarget "SpaceXRocketsInfoApp" */;
			buildPhases = (
				04C2573B28032B1100154AC6 /* Sources */,
				04C2573C28032B1100154AC6 /* Frameworks */,
				04C2573D28032B1100154AC6 /* Resources */,
			);
			buildRules = (
			);
			dependencies = (
			);
			name = SpaceXRocketsInfoApp;
			productName = SpaceXRocketsInfoApp;
			productReference = 04C2573F28032B1100154AC6 /* SpaceXRocketsInfoApp.app */;
			productType = "com.apple.product-type.application";
		};
/* End PBXNativeTarget section */

/* Begin PBXProject section */
		04C2573728032B1100154AC6 /* Project object */ = {
			isa = PBXProject;
			attributes = {
				BuildIndependentTargetsInParallel = 1;
				LastSwiftUpdateCheck = 1330;
				LastUpgradeCheck = 1330;
				TargetAttributes = {
					04C2573E28032B1100154AC6 = {
						CreatedOnToolsVersion = 13.3;
					};
				};
			};
			buildConfigurationList = 04C2573A28032B1100154AC6 /* Build configuration list for PBXProject "SpaceXRocketsInfoApp" */;
			compatibilityVersion = "Xcode 13.0";
			developmentRegion = en;
			hasScannedForEncodings = 0;
			knownRegions = (
				en,
				Base,
				ru,
			);
			mainGroup = 04C2573628032B1100154AC6;
			productRefGroup = 04C2574028032B1100154AC6 /* Products */;
			projectDirPath = "";
			projectRoot = "";
			targets = (
				04C2573E28032B1100154AC6 /* SpaceXRocketsInfoApp */,
			);
		};
/* End PBXProject section */

/* Begin PBXResourcesBuildPhase section */
		04C2573D28032B1100154AC6 /* Resources */ = {
			isa = PBXResourcesBuildPhase;
			buildActionMask = 2147483647;
			files = (
				0442FDC82808B501005140B5 /* Main.storyboard in Resources */,
				04C2574F28032B1300154AC6 /* LaunchScreen.storyboard in Resources */,
				04C2574C28032B1300154AC6 /* Assets.xcassets in Resources */,
			);
			runOnlyForDeploymentPostprocessing = 0;
		};
/* End PBXResourcesBuildPhase section */

/* Begin PBXSourcesBuildPhase section */
		04C2573B28032B1100154AC6 /* Sources */ = {
			isa = PBXSourcesBuildPhase;
			buildActionMask = 2147483647;
			files = (
				0442FDCA2808B501005140B5 /* Rocket.swift in Sources */,
				04C2574328032B1100154AC6 /* AppDelegate.swift in Sources */,
				0442FDC72808B501005140B5 /* PageViewController.swift in Sources */,
				0442FDC62808B501005140B5 /* LaunchesViewController.swift in Sources */,
				0442FDCB2808B501005140B5 /* RocketInfoViewController.swift in Sources */,
				0442FDC32808B501005140B5 /* LaunchInfoCell.swift in Sources */,
				0442FDC52808B501005140B5 /* NetworkManager.swift in Sources */,
				04C2574528032B1100154AC6 /* SceneDelegate.swift in Sources */,
				0442FDC42808B501005140B5 /* FirstViewController.swift in Sources */,
				0442FDC92808B501005140B5 /* Helper.swift in Sources */,
			);
			runOnlyForDeploymentPostprocessing = 0;
		};
/* End PBXSourcesBuildPhase section */

/* Begin PBXVariantGroup section */
		04C2574D28032B1300154AC6 /* LaunchScreen.storyboard */ = {
			isa = PBXVariantGroup;
			children = (
				04C2574E28032B1300154AC6 /* Base */,
				0482B2762808C6AD00C6CFED /* ru */,
			);
			name = LaunchScreen.storyboard;
			sourceTree = "<group>";
		};
/* End PBXVariantGroup section */

/* Begin XCBuildConfiguration section */
		04C2575128032B1300154AC6 /* Debug */ = {
			isa = XCBuildConfiguration;
			buildSettings = {
				ALWAYS_SEARCH_USER_PATHS = NO;
				CLANG_ANALYZER_LOCALIZABILITY_NONLOCALIZED = YES;
				CLANG_ANALYZER_NONNULL = YES;
				CLANG_ANALYZER_NUMBER_OBJECT_CONVERSION = YES_AGGRESSIVE;
				CLANG_CXX_LANGUAGE_STANDARD = "gnu++17";
				CLANG_ENABLE_MODULES = YES;
				CLANG_ENABLE_OBJC_ARC = YES;
				CLANG_ENABLE_OBJC_WEAK = YES;
				CLANG_WARN_BLOCK_CAPTURE_AUTORELEASING = YES;
				CLANG_WARN_BOOL_CONVERSION = YES;
				CLANG_WARN_COMMA = YES;
				CLANG_WARN_CONSTANT_CONVERSION = YES;
				CLANG_WARN_DEPRECATED_OBJC_IMPLEMENTATIONS = YES;
				CLANG_WARN_DIRECT_OBJC_ISA_USAGE = YES_ERROR;
				CLANG_WARN_DOCUMENTATION_COMMENTS = YES;
				CLANG_WARN_EMPTY_BODY = YES;
				CLANG_WARN_ENUM_CONVERSION = YES;
				CLANG_WARN_INFINITE_RECURSION = YES;
				CLANG_WARN_INT_CONVERSION = YES;
				CLANG_WARN_NON_LITERAL_NULL_CONVERSION = YES;
				CLANG_WARN_OBJC_IMPLICIT_RETAIN_SELF = YES;
				CLANG_WARN_OBJC_LITERAL_CONVERSION = YES;
				CLANG_WARN_OBJC_ROOT_CLASS = YES_ERROR;
				CLANG_WARN_QUOTED_INCLUDE_IN_FRAMEWORK_HEADER = YES;
				CLANG_WARN_RANGE_LOOP_ANALYSIS = YES;
				CLANG_WARN_STRICT_PROTOTYPES = YES;
				CLANG_WARN_SUSPICIOUS_MOVE = YES;
				CLANG_WARN_UNGUARDED_AVAILABILITY = YES_AGGRESSIVE;
				CLANG_WARN_UNREACHABLE_CODE = YES;
				CLANG_WARN__DUPLICATE_METHOD_MATCH = YES;
				COPY_PHASE_STRIP = NO;
				DEBUG_INFORMATION_FORMAT = dwarf;
				ENABLE_STRICT_OBJC_MSGSEND = YES;
				ENABLE_TESTABILITY = YES;
				GCC_C_LANGUAGE_STANDARD = gnu11;
				GCC_DYNAMIC_NO_PIC = NO;
				GCC_NO_COMMON_BLOCKS = YES;
				GCC_OPTIMIZATION_LEVEL = 0;
				GCC_PREPROCESSOR_DEFINITIONS = (
					"DEBUG=1",
					"$(inherited)",
				);
				GCC_WARN_64_TO_32_BIT_CONVERSION = YES;
				GCC_WARN_ABOUT_RETURN_TYPE = YES_ERROR;
				GCC_WARN_UNDECLARED_SELECTOR = YES;
				GCC_WARN_UNINITIALIZED_AUTOS = YES_AGGRESSIVE;
				GCC_WARN_UNUSED_FUNCTION = YES;
				GCC_WARN_UNUSED_VARIABLE = YES;
				IPHONEOS_DEPLOYMENT_TARGET = 15.4;
				MTL_ENABLE_DEBUG_INFO = INCLUDE_SOURCE;
				MTL_FAST_MATH = YES;
				ONLY_ACTIVE_ARCH = YES;
				SDKROOT = iphoneos;
				SWIFT_ACTIVE_COMPILATION_CONDITIONS = DEBUG;
				SWIFT_OPTIMIZATION_LEVEL = "-Onone";
			};
			name = Debug;
		};
		04C2575228032B1300154AC6 /* Release */ = {
			isa = XCBuildConfiguration;
			buildSettings = {
				ALWAYS_SEARCH_USER_PATHS = NO;
				CLANG_ANALYZER_LOCALIZABILITY_NONLOCALIZED = YES;
				CLANG_ANALYZER_NONNULL = YES;
				CLANG_ANALYZER_NUMBER_OBJECT_CONVERSION = YES_AGGRESSIVE;
				CLANG_CXX_LANGUAGE_STANDARD = "gnu++17";
				CLANG_ENABLE_MODULES = YES;
				CLANG_ENABLE_OBJC_ARC = YES;
				CLANG_ENABLE_OBJC_WEAK = YES;
				CLANG_WARN_BLOCK_CAPTURE_AUTORELEASING = YES;
				CLANG_WARN_BOOL_CONVERSION = YES;
				CLANG_WARN_COMMA = YES;
				CLANG_WARN_CONSTANT_CONVERSION = YES;
				CLANG_WARN_DEPRECATED_OBJC_IMPLEMENTATIONS = YES;
				CLANG_WARN_DIRECT_OBJC_ISA_USAGE = YES_ERROR;
				CLANG_WARN_DOCUMENTATION_COMMENTS = YES;
				CLANG_WARN_EMPTY_BODY = YES;
				CLANG_WARN_ENUM_CONVERSION = YES;
				CLANG_WARN_INFINITE_RECURSION = YES;
				CLANG_WARN_INT_CONVERSION = YES;
				CLANG_WARN_NON_LITERAL_NULL_CONVERSION = YES;
				CLANG_WARN_OBJC_IMPLICIT_RETAIN_SELF = YES;
				CLANG_WARN_OBJC_LITERAL_CONVERSION = YES;
				CLANG_WARN_OBJC_ROOT_CLASS = YES_ERROR;
				CLANG_WARN_QUOTED_INCLUDE_IN_FRAMEWORK_HEADER = YES;
				CLANG_WARN_RANGE_LOOP_ANALYSIS = YES;
				CLANG_WARN_STRICT_PROTOTYPES = YES;
				CLANG_WARN_SUSPICIOUS_MOVE = YES;
				CLANG_WARN_UNGUARDED_AVAILABILITY = YES_AGGRESSIVE;
				CLANG_WARN_UNREACHABLE_CODE = YES;
				CLANG_WARN__DUPLICATE_METHOD_MATCH = YES;
				COPY_PHASE_STRIP = NO;
				DEBUG_INFORMATION_FORMAT = "dwarf-with-dsym";
				ENABLE_NS_ASSERTIONS = NO;
				ENABLE_STRICT_OBJC_MSGSEND = YES;
				GCC_C_LANGUAGE_STANDARD = gnu11;
				GCC_NO_COMMON_BLOCKS = YES;
				GCC_WARN_64_TO_32_BIT_CONVERSION = YES;
				GCC_WARN_ABOUT_RETURN_TYPE = YES_ERROR;
				GCC_WARN_UNDECLARED_SELECTOR = YES;
				GCC_WARN_UNINITIALIZED_AUTOS = YES_AGGRESSIVE;
				GCC_WARN_UNUSED_FUNCTION = YES;
				GCC_WARN_UNUSED_VARIABLE = YES;
				IPHONEOS_DEPLOYMENT_TARGET = 15.4;
				MTL_ENABLE_DEBUG_INFO = NO;
				MTL_FAST_MATH = YES;
				SDKROOT = iphoneos;
				SWIFT_COMPILATION_MODE = wholemodule;
				SWIFT_OPTIMIZATION_LEVEL = "-O";
				VALIDATE_PRODUCT = YES;
			};
			name = Release;
		};
		04C2575428032B1300154AC6 /* Debug */ = {
			isa = XCBuildConfiguration;
			buildSettings = {
				ASSETCATALOG_COMPILER_APPICON_NAME = AppIcon;
				ASSETCATALOG_COMPILER_GLOBAL_ACCENT_COLOR_NAME = AccentColor;
				CODE_SIGN_STYLE = Automatic;
				CURRENT_PROJECT_VERSION = 1;
				GENERATE_INFOPLIST_FILE = YES;
				INFOPLIST_FILE = SpaceXRocketsInfoApp/Info.plist;
				INFOPLIST_KEY_UIApplicationSupportsIndirectInputEvents = YES;
				INFOPLIST_KEY_UILaunchStoryboardName = LaunchScreen;
				INFOPLIST_KEY_UIMainStoryboardFile = Main;
				INFOPLIST_KEY_UISupportedInterfaceOrientations_iPad = "UIInterfaceOrientationPortrait UIInterfaceOrientationPortraitUpsideDown UIInterfaceOrientationLandscapeLeft UIInterfaceOrientationLandscapeRight";
				INFOPLIST_KEY_UISupportedInterfaceOrientations_iPhone = "UIInterfaceOrientationPortrait UIInterfaceOrientationLandscapeLeft UIInterfaceOrientationLandscapeRight";
				LD_RUNPATH_SEARCH_PATHS = (
					"$(inherited)",
					"@executable_path/Frameworks",
				);
				MARKETING_VERSION = 1.0;
				PRODUCT_BUNDLE_IDENTIFIER = k.SpaceXRocketsInfoApp;
				PRODUCT_NAME = "$(TARGET_NAME)";
				SWIFT_EMIT_LOC_STRINGS = YES;
				SWIFT_VERSION = 5.0;
				TARGETED_DEVICE_FAMILY = 1;
			};
			name = Debug;
		};
		04C2575528032B1300154AC6 /* Release */ = {
			isa = XCBuildConfiguration;
			buildSettings = {
				ASSETCATALOG_COMPILER_APPICON_NAME = AppIcon;
				ASSETCATALOG_COMPILER_GLOBAL_ACCENT_COLOR_NAME = AccentColor;
				CODE_SIGN_STYLE = Automatic;
				CURRENT_PROJECT_VERSION = 1;
				GENERATE_INFOPLIST_FILE = YES;
				INFOPLIST_FILE = SpaceXRocketsInfoApp/Info.plist;
				INFOPLIST_KEY_UIApplicationSupportsIndirectInputEvents = YES;
				INFOPLIST_KEY_UILaunchStoryboardName = LaunchScreen;
				INFOPLIST_KEY_UIMainStoryboardFile = Main;
				INFOPLIST_KEY_UISupportedInterfaceOrientations_iPad = "UIInterfaceOrientationPortrait UIInterfaceOrientationPortraitUpsideDown UIInterfaceOrientationLandscapeLeft UIInterfaceOrientationLandscapeRight";
				INFOPLIST_KEY_UISupportedInterfaceOrientations_iPhone = "UIInterfaceOrientationPortrait UIInterfaceOrientationLandscapeLeft UIInterfaceOrientationLandscapeRight";
				LD_RUNPATH_SEARCH_PATHS = (
					"$(inherited)",
					"@executable_path/Frameworks",
				);
				MARKETING_VERSION = 1.0;
				PRODUCT_BUNDLE_IDENTIFIER = k.SpaceXRocketsInfoApp;
				PRODUCT_NAME = "$(TARGET_NAME)";
				SWIFT_EMIT_LOC_STRINGS = YES;
				SWIFT_VERSION = 5.0;
				TARGETED_DEVICE_FAMILY = 1;
			};
			name = Release;
		};
/* End XCBuildConfiguration section */

/* Begin XCConfigurationList section */
		04C2573A28032B1100154AC6 /* Build configuration list for PBXProject "SpaceXRocketsInfoApp" */ = {
			isa = XCConfigurationList;
			buildConfigurations = (
				04C2575128032B1300154AC6 /* Debug */,
				04C2575228032B1300154AC6 /* Release */,
			);
			defaultConfigurationIsVisible = 0;
			defaultConfigurationName = Release;
		};
		04C2575328032B1300154AC6 /* Build configuration list for PBXNativeTarget "SpaceXRocketsInfoApp" */ = {
			isa = XCConfigurationList;
			buildConfigurations = (
				04C2575428032B1300154AC6 /* Debug */,
				04C2575528032B1300154AC6 /* Release */,
			);
			defaultConfigurationIsVisible = 0;
			defaultConfigurationName = Release;
		};
/* End XCConfigurationList section */
	};
	rootObject = 04C2573728032B1100154AC6 /* Project object */;
}
